
Microsoft Visual Studio Solution File, Format Version 12.00
# Visual Studio Version 17
VisualStudioVersion = 17.8.34330.188
MinimumVisualStudioVersion = 10.0.40219.1
Project("{9A19103F-16F7-4668-BE54-9A1E7A4F7556}") = "LyricsExtractor", "LyricsExtractor\LyricsExtractor.csproj", "{BFB5EEEA-3EA8-4AE2-BC7A-B31E0FB73574}"
EndProject
Project("{FAE04EC0-301F-11D3-BF4B-00C04F79EFBC}") = "OpenGLRenderer", "OpenGLRenderer\OpenGLRenderer.csproj", "{BCB449A6-138A-43F1-A360-3008FB4F0EE2}"
EndProject
Global
	GlobalSection(SolutionConfigurationPlatforms) = preSolution
		Debug|Any CPU = Debug|Any CPU
		Release|Any CPU = Release|Any CPU
	EndGlobalSection
	GlobalSection(ProjectConfigurationPlatforms) = postSolution
		{BFB5EEEA-3EA8-4AE2-BC7A-B31E0FB73574}.Debug|Any CPU.ActiveCfg = Debug|Any CPU
		{BFB5EEEA-3EA8-4AE2-BC7A-B31E0FB73574}.Debug|Any CPU.Build.0 = Debug|Any CPU
		{BFB5EEEA-3EA8-4AE2-BC7A-B31E0FB73574}.Release|Any CPU.ActiveCfg = Release|Any CPU
		{BFB5EEEA-3EA8-4AE2-BC7A-B31E0FB73574}.Release|Any CPU.Build.0 = Release|Any CPU
		{BCB449A6-138A-43F1-A360-3008FB4F0EE2}.Debug|Any CPU.ActiveCfg = Debug|Any CPU
		{BCB449A6-138A-43F1-A360-3008FB4F0EE2}.Debug|Any CPU.Build.0 = Debug|Any CPU
		{BCB449A6-138A-43F1-A360-3008FB4F0EE2}.Release|Any CPU.ActiveCfg = Release|Any CPU
		{BCB449A6-138A-43F1-A360-3008FB4F0EE2}.Release|Any CPU.Build.0 = Release|Any CPU
	EndGlobalSection
	GlobalSection(SolutionProperties) = preSolution
		HideSolutionNode = FALSE
	EndGlobalSection
	GlobalSection(ExtensibilityGlobals) = postSolution
		SolutionGuid = {F19A689C-247F-465F-93A2-EADC013CEF5C}
	EndGlobalSection
EndGlobal
